
Microsoft Visual Studio Solution File, Format Version 12.00
# Visual Studio Version 17
VisualStudioVersion = 17.7.34018.315
MinimumVisualStudioVersion = 10.0.40219.1
Project("{9A19103F-16F7-4668-BE54-9A1E7A4F7556}") = "Car Rental.App", "Car Rental.App\Car Rental.App.csproj", "{1015012F-1B87-4E9D-BFBB-86EE19EAA535}"
EndProject
Project("{9A19103F-16F7-4668-BE54-9A1E7A4F7556}") = "Car Rental.Business", "Car Rental.Business\Car Rental.Business.csproj", "{C936F158-F338-4858-8AE2-3E5989564055}"
EndProject
Project("{9A19103F-16F7-4668-BE54-9A1E7A4F7556}") = "Car Rental.Data", "Car Rental.Data\Car Rental.Data.csproj", "{1F639ACB-490B-4201-9652-0BA7E0B232A6}"
EndProject
Project("{9A19103F-16F7-4668-BE54-9A1E7A4F7556}") = "Car Rental.Common", "Car Rental.Common\Car Rental.Common.csproj", "{2424C8CD-0FDB-4F3F-9AE1-A20662712B24}"
EndProject
Global
	GlobalSection(SolutionConfigurationPlatforms) = preSolution
		Debug|Any CPU = Debug|Any CPU
		Release|Any CPU = Release|Any CPU
	EndGlobalSection
	GlobalSection(ProjectConfigurationPlatforms) = postSolution
		{1015012F-1B87-4E9D-BFBB-86EE19EAA535}.Debug|Any CPU.ActiveCfg = Debug|Any CPU
		{1015012F-1B87-4E9D-BFBB-86EE19EAA535}.Debug|Any CPU.Build.0 = Debug|Any CPU
		{1015012F-1B87-4E9D-BFBB-86EE19EAA535}.Release|Any CPU.ActiveCfg = Release|Any CPU
		{1015012F-1B87-4E9D-BFBB-86EE19EAA535}.Release|Any CPU.Build.0 = Release|Any CPU
		{C936F158-F338-4858-8AE2-3E5989564055}.Debug|Any CPU.ActiveCfg = Debug|Any CPU
		{C936F158-F338-4858-8AE2-3E5989564055}.Debug|Any CPU.Build.0 = Debug|Any CPU
		{C936F158-F338-4858-8AE2-3E5989564055}.Release|Any CPU.ActiveCfg = Release|Any CPU
		{C936F158-F338-4858-8AE2-3E5989564055}.Release|Any CPU.Build.0 = Release|Any CPU
		{1F639ACB-490B-4201-9652-0BA7E0B232A6}.Debug|Any CPU.ActiveCfg = Debug|Any CPU
		{1F639ACB-490B-4201-9652-0BA7E0B232A6}.Debug|Any CPU.Build.0 = Debug|Any CPU
		{1F639ACB-490B-4201-9652-0BA7E0B232A6}.Release|Any CPU.ActiveCfg = Release|Any CPU
		{1F639ACB-490B-4201-9652-0BA7E0B232A6}.Release|Any CPU.Build.0 = Release|Any CPU
		{2424C8CD-0FDB-4F3F-9AE1-A20662712B24}.Debug|Any CPU.ActiveCfg = Debug|Any CPU
		{2424C8CD-0FDB-4F3F-9AE1-A20662712B24}.Debug|Any CPU.Build.0 = Debug|Any CPU
		{2424C8CD-0FDB-4F3F-9AE1-A20662712B24}.Release|Any CPU.ActiveCfg = Release|Any CPU
		{2424C8CD-0FDB-4F3F-9AE1-A20662712B24}.Release|Any CPU.Build.0 = Release|Any CPU
	EndGlobalSection
	GlobalSection(SolutionProperties) = preSolution
		HideSolutionNode = FALSE
	EndGlobalSection
	GlobalSection(ExtensibilityGlobals) = postSolution
		SolutionGuid = {C17C5362-DE05-4267-BF73-7ECDA41FE7DF}
	EndGlobalSection
EndGlobal
